// !$*UTF8*$!
{
	archiveVersion = 1;
	classes = {
	};
	objectVersion = 46;
	objects = {

/* Begin PBXBuildFile section */
		F72BBE4914CCDB66005EA3A1 /* Screen Shot 2012-01-22 at 4.02.10 PM.png in Resources */ = {isa = PBXBuildFile; fileRef = F72BBE4814CCDB66005EA3A1 /* Screen Shot 2012-01-22 at 4.02.10 PM.png */; };
		F777361C14D463ED00B39829 /* Parse.framework in Frameworks */ = {isa = PBXBuildFile; fileRef = F777361B14D463ED00B39829 /* Parse.framework */; };
		F777361F14D4643000B39829 /* AudioToolbox.framework in Frameworks */ = {isa = PBXBuildFile; fileRef = F777361E14D4643000B39829 /* AudioToolbox.framework */; };
		F777362114D4643D00B39829 /* CFNetwork.framework in Frameworks */ = {isa = PBXBuildFile; fileRef = F777362014D4643D00B39829 /* CFNetwork.framework */; };
		F777362314D4644800B39829 /* SystemConfiguration.framework in Frameworks */ = {isa = PBXBuildFile; fileRef = F777362214D4644800B39829 /* SystemConfiguration.framework */; };
		F777362514D4645400B39829 /* MobileCoreServices.framework in Frameworks */ = {isa = PBXBuildFile; fileRef = F777362414D4645400B39829 /* MobileCoreServices.framework */; };
		F777362714D4647600B39829 /* libz.1.1.3.dylib in Frameworks */ = {isa = PBXBuildFile; fileRef = F777362614D4647600B39829 /* libz.1.1.3.dylib */; };
		F777362914D4648100B39829 /* Security.framework in Frameworks */ = {isa = PBXBuildFile; fileRef = F777362814D4648100B39829 /* Security.framework */; };
		F777362B14D4648E00B39829 /* QuartzCore.framework in Frameworks */ = {isa = PBXBuildFile; fileRef = F777362A14D4648E00B39829 /* QuartzCore.framework */; };
		F7A4954514CB44D600384DC0 /* UIKit.framework in Frameworks */ = {isa = PBXBuildFile; fileRef = F7A4954414CB44D600384DC0 /* UIKit.framework */; };
		F7A4954714CB44D600384DC0 /* Foundation.framework in Frameworks */ = {isa = PBXBuildFile; fileRef = F7A4954614CB44D600384DC0 /* Foundation.framework */; };
		F7A4954914CB44D600384DC0 /* CoreGraphics.framework in Frameworks */ = {isa = PBXBuildFile; fileRef = F7A4954814CB44D600384DC0 /* CoreGraphics.framework */; };
		F7A4954F14CB44D600384DC0 /* InfoPlist.strings in Resources */ = {isa = PBXBuildFile; fileRef = F7A4954D14CB44D600384DC0 /* InfoPlist.strings */; };
		F7A4955114CB44D600384DC0 /* main.m in Sources */ = {isa = PBXBuildFile; fileRef = F7A4955014CB44D600384DC0 /* main.m */; };
		F7A4955514CB44D600384DC0 /* beerAppDelegate.m in Sources */ = {isa = PBXBuildFile; fileRef = F7A4955414CB44D600384DC0 /* beerAppDelegate.m */; };
		F7A4955814CB44D600384DC0 /* MainStoryboard.storyboard in Resources */ = {isa = PBXBuildFile; fileRef = F7A4955614CB44D600384DC0 /* MainStoryboard.storyboard */; };
		F7A4955B14CB44D600384DC0 /* beerViewController.m in Sources */ = {isa = PBXBuildFile; fileRef = F7A4955A14CB44D600384DC0 /* beerViewController.m */; };
		F7A4957114CB65A800384DC0 /* De_Koninck.jpg in Resources */ = {isa = PBXBuildFile; fileRef = F7A4957014CB65A800384DC0 /* De_Koninck.jpg */; };
		F7A4957314CB65EB00384DC0 /* picture.jpg in Resources */ = {isa = PBXBuildFile; fileRef = F7A4957214CB65EB00384DC0 /* picture.jpg */; };
		F7A4957714CB74E800384DC0 /* Icon-72.png in Resources */ = {isa = PBXBuildFile; fileRef = F7A4957614CB74E800384DC0 /* Icon-72.png */; };
		F7A4957914CB74F300384DC0 /* Icon-72.png in Resources */ = {isa = PBXBuildFile; fileRef = F7A4957814CB74F300384DC0 /* Icon-72.png */; };
		F7C563F714D4EBBE00B4E4BE /* secondpage.m in Sources */ = {isa = PBXBuildFile; fileRef = F7C563F614D4EBBE00B4E4BE /* secondpage.m */; };
		F7EC623714CBAE230059A3AB /* Twitter.framework in Frameworks */ = {isa = PBXBuildFile; fileRef = F7EC623614CBAE230059A3AB /* Twitter.framework */; };
		F7EC623914CBAE9B0059A3AB /* twitter-tips1.png in Resources */ = {isa = PBXBuildFile; fileRef = F7EC623814CBAE9B0059A3AB /* twitter-tips1.png */; };
/* End PBXBuildFile section */

/* Begin PBXFileReference section */
		F72BBE4814CCDB66005EA3A1 /* Screen Shot 2012-01-22 at 4.02.10 PM.png */ = {isa = PBXFileReference; lastKnownFileType = image.png; path = "Screen Shot 2012-01-22 at 4.02.10 PM.png"; sourceTree = "<group>"; };
		F777361B14D463ED00B39829 /* Parse.framework */ = {isa = PBXFileReference; lastKnownFileType = wrapper.framework; path = Parse.framework; sourceTree = "<group>"; };
		F777361E14D4643000B39829 /* AudioToolbox.framework */ = {isa = PBXFileReference; lastKnownFileType = wrapper.framework; name = AudioToolbox.framework; path = System/Library/Frameworks/AudioToolbox.framework; sourceTree = SDKROOT; };
		F777362014D4643D00B39829 /* CFNetwork.framework */ = {isa = PBXFileReference; lastKnownFileType = wrapper.framework; name = CFNetwork.framework; path = System/Library/Frameworks/CFNetwork.framework; sourceTree = SDKROOT; };
		F777362214D4644800B39829 /* SystemConfiguration.framework */ = {isa = PBXFileReference; lastKnownFileType = wrapper.framework; name = SystemConfiguration.framework; path = System/Library/Frameworks/SystemConfiguration.framework; sourceTree = SDKROOT; };
		F777362414D4645400B39829 /* MobileCoreServices.framework */ = {isa = PBXFileReference; lastKnownFileType = wrapper.framework; name = MobileCoreServices.framework; path = System/Library/Frameworks/MobileCoreServices.framework; sourceTree = SDKROOT; };
		F777362614D4647600B39829 /* libz.1.1.3.dylib */ = {isa = PBXFileReference; lastKnownFileType = "compiled.mach-o.dylib"; name = libz.1.1.3.dylib; path = usr/lib/libz.1.1.3.dylib; sourceTree = SDKROOT; };
		F777362814D4648100B39829 /* Security.framework */ = {isa = PBXFileReference; lastKnownFileType = wrapper.framework; name = Security.framework; path = System/Library/Frameworks/Security.framework; sourceTree = SDKROOT; };
		F777362A14D4648E00B39829 /* QuartzCore.framework */ = {isa = PBXFileReference; lastKnownFileType = wrapper.framework; name = QuartzCore.framework; path = System/Library/Frameworks/QuartzCore.framework; sourceTree = SDKROOT; };
		F7A4954014CB44D600384DC0 /* beer.app */ = {isa = PBXFileReference; explicitFileType = wrapper.application; includeInIndex = 0; path = beer.app; sourceTree = BUILT_PRODUCTS_DIR; };
		F7A4954414CB44D600384DC0 /* UIKit.framework */ = {isa = PBXFileReference; lastKnownFileType = wrapper.framework; name = UIKit.framework; path = System/Library/Frameworks/UIKit.framework; sourceTree = SDKROOT; };
		F7A4954614CB44D600384DC0 /* Foundation.framework */ = {isa = PBXFileReference; lastKnownFileType = wrapper.framework; name = Foundation.framework; path = System/Library/Frameworks/Foundation.framework; sourceTree = SDKROOT; };
		F7A4954814CB44D600384DC0 /* CoreGraphics.framework */ = {isa = PBXFileReference; lastKnownFileType = wrapper.framework; name = CoreGraphics.framework; path = System/Library/Frameworks/CoreGraphics.framework; sourceTree = SDKROOT; };
		F7A4954C14CB44D600384DC0 /* beer-Info.plist */ = {isa = PBXFileReference; lastKnownFileType = text.plist.xml; path = "beer-Info.plist"; sourceTree = "<group>"; };
		F7A4954E14CB44D600384DC0 /* en */ = {isa = PBXFileReference; lastKnownFileType = text.plist.strings; name = en; path = en.lproj/InfoPlist.strings; sourceTree = "<group>"; };
		F7A4955014CB44D600384DC0 /* main.m */ = {isa = PBXFileReference; lastKnownFileType = sourcecode.c.objc; path = main.m; sourceTree = "<group>"; };
		F7A4955214CB44D600384DC0 /* beer-Prefix.pch */ = {isa = PBXFileReference; lastKnownFileType = sourcecode.c.h; path = "beer-Prefix.pch"; sourceTree = "<group>"; };
		F7A4955314CB44D600384DC0 /* beerAppDelegate.h */ = {isa = PBXFileReference; lastKnownFileType = sourcecode.c.h; path = beerAppDelegate.h; sourceTree = "<group>"; };
		F7A4955414CB44D600384DC0 /* beerAppDelegate.m */ = {isa = PBXFileReference; lastKnownFileType = sourcecode.c.objc; path = beerAppDelegate.m; sourceTree = "<group>"; };
		F7A4955714CB44D600384DC0 /* en */ = {isa = PBXFileReference; lastKnownFileType = file.storyboard; name = en; path = en.lproj/MainStoryboard.storyboard; sourceTree = "<group>"; };
		F7A4955914CB44D600384DC0 /* beerViewController.h */ = {isa = PBXFileReference; lastKnownFileType = sourcecode.c.h; path = beerViewController.h; sourceTree = "<group>"; };
		F7A4955A14CB44D600384DC0 /* beerViewController.m */ = {isa = PBXFileReference; lastKnownFileType = sourcecode.c.objc; path = beerViewController.m; sourceTree = "<group>"; };
		F7A4957014CB65A800384DC0 /* De_Koninck.jpg */ = {isa = PBXFileReference; lastKnownFileType = image.jpeg; path = De_Koninck.jpg; sourceTree = "<group>"; };
		F7A4957214CB65EB00384DC0 /* picture.jpg */ = {isa = PBXFileReference; lastKnownFileType = image.jpeg; path = picture.jpg; sourceTree = "<group>"; };
		F7A4957614CB74E800384DC0 /* Icon-72.png */ = {isa = PBXFileReference; lastKnownFileType = image.png; path = "Icon-72.png"; sourceTree = "<group>"; };
		F7A4957814CB74F300384DC0 /* Icon-72.png */ = {isa = PBXFileReference; lastKnownFileType = image.png; path = "Icon-72.png"; sourceTree = "<group>"; };
		F7C563F514D4EBBE00B4E4BE /* secondpage.h */ = {isa = PBXFileReference; fileEncoding = 4; lastKnownFileType = sourcecode.c.h; path = secondpage.h; sourceTree = "<group>"; };
		F7C563F614D4EBBE00B4E4BE /* secondpage.m */ = {isa = PBXFileReference; fileEncoding = 4; lastKnownFileType = sourcecode.c.objc; path = secondpage.m; sourceTree = "<group>"; };
		F7EC623614CBAE230059A3AB /* Twitter.framework */ = {isa = PBXFileReference; lastKnownFileType = wrapper.framework; name = Twitter.framework; path = System/Library/Frameworks/Twitter.framework; sourceTree = SDKROOT; };
		F7EC623814CBAE9B0059A3AB /* twitter-tips1.png */ = {isa = PBXFileReference; lastKnownFileType = image.png; path = "twitter-tips1.png"; sourceTree = "<group>"; };
/* End PBXFileReference section */

/* Begin PBXFrameworksBuildPhase section */
		F7A4953D14CB44D600384DC0 /* Frameworks */ = {
			isa = PBXFrameworksBuildPhase;
			buildActionMask = 2147483647;
			files = (
				F777362B14D4648E00B39829 /* QuartzCore.framework in Frameworks */,
				F777362914D4648100B39829 /* Security.framework in Frameworks */,
				F777362714D4647600B39829 /* libz.1.1.3.dylib in Frameworks */,
				F777362514D4645400B39829 /* MobileCoreServices.framework in Frameworks */,
				F777362314D4644800B39829 /* SystemConfiguration.framework in Frameworks */,
				F777362114D4643D00B39829 /* CFNetwork.framework in Frameworks */,
				F777361F14D4643000B39829 /* AudioToolbox.framework in Frameworks */,
				F7EC623714CBAE230059A3AB /* Twitter.framework in Frameworks */,
				F7A4954514CB44D600384DC0 /* UIKit.framework in Frameworks */,
				F7A4954714CB44D600384DC0 /* Foundation.framework in Frameworks */,
				F7A4954914CB44D600384DC0 /* CoreGraphics.framework in Frameworks */,
				F777361C14D463ED00B39829 /* Parse.framework in Frameworks */,
			);
			runOnlyForDeploymentPostprocessing = 0;
		};
/* End PBXFrameworksBuildPhase section */

/* Begin PBXGroup section */
		F7A4953514CB44D600384DC0 = {
			isa = PBXGroup;
			children = (
				F7A4957814CB74F300384DC0 /* Icon-72.png */,
				F7A4954A14CB44D600384DC0 /* beer */,
				F7A4954314CB44D600384DC0 /* Frameworks */,
				F7A4954114CB44D600384DC0 /* Products */,
			);
			sourceTree = "<group>";
		};
		F7A4954114CB44D600384DC0 /* Products */ = {
			isa = PBXGroup;
			children = (
				F7A4954014CB44D600384DC0 /* beer.app */,
			);
			name = Products;
			sourceTree = "<group>";
		};
		F7A4954314CB44D600384DC0 /* Frameworks */ = {
			isa = PBXGroup;
			children = (
				F777362A14D4648E00B39829 /* QuartzCore.framework */,
				F777362814D4648100B39829 /* Security.framework */,
				F777362614D4647600B39829 /* libz.1.1.3.dylib */,
				F777362414D4645400B39829 /* MobileCoreServices.framework */,
				F777362214D4644800B39829 /* SystemConfiguration.framework */,
				F777362014D4643D00B39829 /* CFNetwork.framework */,
				F777361E14D4643000B39829 /* AudioToolbox.framework */,
				F777361B14D463ED00B39829 /* Parse.framework */,
				F7EC623614CBAE230059A3AB /* Twitter.framework */,
				F7A4954414CB44D600384DC0 /* UIKit.framework */,
				F7A4954614CB44D600384DC0 /* Foundation.framework */,
				F7A4954814CB44D600384DC0 /* CoreGraphics.framework */,
			);
			name = Frameworks;
			sourceTree = "<group>";
		};
		F7A4954A14CB44D600384DC0 /* beer */ = {
			isa = PBXGroup;
			children = (
				F7A4956F14CB648100384DC0 /* images */,
				F7A4955314CB44D600384DC0 /* beerAppDelegate.h */,
				F7A4955414CB44D600384DC0 /* beerAppDelegate.m */,
				F7A4955614CB44D600384DC0 /* MainStoryboard.storyboard */,
				F7C563F514D4EBBE00B4E4BE /* secondpage.h */,
				F7C563F614D4EBBE00B4E4BE /* secondpage.m */,
				F7A4955914CB44D600384DC0 /* beerViewController.h */,
				F7A4955A14CB44D600384DC0 /* beerViewController.m */,
				F7A4954B14CB44D600384DC0 /* Supporting Files */,
			);
			path = beer;
			sourceTree = "<group>";
		};
		F7A4954B14CB44D600384DC0 /* Supporting Files */ = {
			isa = PBXGroup;
			children = (
				F7A4954C14CB44D600384DC0 /* beer-Info.plist */,
				F7A4954D14CB44D600384DC0 /* InfoPlist.strings */,
				F7A4955014CB44D600384DC0 /* main.m */,
				F7A4955214CB44D600384DC0 /* beer-Prefix.pch */,
			);
			name = "Supporting Files";
			sourceTree = "<group>";
		};
		F7A4956F14CB648100384DC0 /* images */ = {
			isa = PBXGroup;
			children = (
				F7EC623814CBAE9B0059A3AB /* twitter-tips1.png */,
				F72BBE4814CCDB66005EA3A1 /* Screen Shot 2012-01-22 at 4.02.10 PM.png */,
				F7A4957614CB74E800384DC0 /* Icon-72.png */,
				F7A4957214CB65EB00384DC0 /* picture.jpg */,
				F7A4957014CB65A800384DC0 /* De_Koninck.jpg */,
			);
			name = images;
			sourceTree = "<group>";
		};
/* End PBXGroup section */

/* Begin PBXNativeTarget section */
		F7A4953F14CB44D600384DC0 /* beer */ = {
			isa = PBXNativeTarget;
			buildConfigurationList = F7A4955E14CB44D600384DC0 /* Build configuration list for PBXNativeTarget "beer" */;
			buildPhases = (
				F7A4953C14CB44D600384DC0 /* Sources */,
				F7A4953D14CB44D600384DC0 /* Frameworks */,
				F7A4953E14CB44D600384DC0 /* Resources */,
			);
			buildRules = (
			);
			dependencies = (
			);
			name = beer;
			productName = beer;
			productReference = F7A4954014CB44D600384DC0 /* beer.app */;
			productType = "com.apple.product-type.application";
		};
/* End PBXNativeTarget section */

/* Begin PBXProject section */
		F7A4953714CB44D600384DC0 /* Project object */ = {
			isa = PBXProject;
			attributes = {
				LastUpgradeCheck = 0420;
				ORGANIZATIONNAME = "Levi Strauss & Co";
			};
			buildConfigurationList = F7A4953A14CB44D600384DC0 /* Build configuration list for PBXProject "beer" */;
			compatibilityVersion = "Xcode 3.2";
			developmentRegion = English;
			hasScannedForEncodings = 0;
			knownRegions = (
				en,
			);
			mainGroup = F7A4953514CB44D600384DC0;
			productRefGroup = F7A4954114CB44D600384DC0 /* Products */;
			projectDirPath = "";
			projectRoot = "";
			targets = (
				F7A4953F14CB44D600384DC0 /* beer */,
			);
		};
/* End PBXProject section */

/* Begin PBXResourcesBuildPhase section */
		F7A4953E14CB44D600384DC0 /* Resources */ = {
			isa = PBXResourcesBuildPhase;
			buildActionMask = 2147483647;
			files = (
				F7A4954F14CB44D600384DC0 /* InfoPlist.strings in Resources */,
				F7A4955814CB44D600384DC0 /* MainStoryboard.storyboard in Resources */,
				F7A4957114CB65A800384DC0 /* De_Koninck.jpg in Resources */,
				F7A4957314CB65EB00384DC0 /* picture.jpg in Resources */,
				F7A4957714CB74E800384DC0 /* Icon-72.png in Resources */,
				F7A4957914CB74F300384DC0 /* Icon-72.png in Resources */,
				F7EC623914CBAE9B0059A3AB /* twitter-tips1.png in Resources */,
				F72BBE4914CCDB66005EA3A1 /* Screen Shot 2012-01-22 at 4.02.10 PM.png in Resources */,
			);
			runOnlyForDeploymentPostprocessing = 0;
		};
/* End PBXResourcesBuildPhase section */

/* Begin PBXSourcesBuildPhase section */
		F7A4953C14CB44D600384DC0 /* Sources */ = {
			isa = PBXSourcesBuildPhase;
			buildActionMask = 2147483647;
			files = (
				F7A4955114CB44D600384DC0 /* main.m in Sources */,
				F7A4955514CB44D600384DC0 /* beerAppDelegate.m in Sources */,
				F7A4955B14CB44D600384DC0 /* beerViewController.m in Sources */,
				F7C563F714D4EBBE00B4E4BE /* secondpage.m in Sources */,
			);
			runOnlyForDeploymentPostprocessing = 0;
		};
/* End PBXSourcesBuildPhase section */

/* Begin PBXVariantGroup section */
		F7A4954D14CB44D600384DC0 /* InfoPlist.strings */ = {
			isa = PBXVariantGroup;
			children = (
				F7A4954E14CB44D600384DC0 /* en */,
			);
			name = InfoPlist.strings;
			sourceTree = "<group>";
		};
		F7A4955614CB44D600384DC0 /* MainStoryboard.storyboard */ = {
			isa = PBXVariantGroup;
			children = (
				F7A4955714CB44D600384DC0 /* en */,
			);
			name = MainStoryboard.storyboard;
			sourceTree = "<group>";
		};
/* End PBXVariantGroup section */

/* Begin XCBuildConfiguration section */
		F7A4955C14CB44D600384DC0 /* Debug */ = {
			isa = XCBuildConfiguration;
			buildSettings = {
				ALWAYS_SEARCH_USER_PATHS = NO;
				ARCHS = "$(ARCHS_STANDARD_32_BIT)";
				CLANG_ENABLE_OBJC_ARC = YES;
				"CODE_SIGN_IDENTITY[sdk=iphoneos*]" = "iPhone Developer";
				COPY_PHASE_STRIP = NO;
				GCC_C_LANGUAGE_STANDARD = gnu99;
				GCC_DYNAMIC_NO_PIC = NO;
				GCC_OPTIMIZATION_LEVEL = 0;
				GCC_PREPROCESSOR_DEFINITIONS = (
					"DEBUG=1",
					"$(inherited)",
				);
				GCC_SYMBOLS_PRIVATE_EXTERN = NO;
				GCC_VERSION = com.apple.compilers.llvm.clang.1_0;
				GCC_WARN_ABOUT_MISSING_PROTOTYPES = YES;
				GCC_WARN_ABOUT_RETURN_TYPE = YES;
				GCC_WARN_UNUSED_VARIABLE = YES;
				IPHONEOS_DEPLOYMENT_TARGET = 5.0;
				SDKROOT = iphoneos;
				TARGETED_DEVICE_FAMILY = 2;
			};
			name = Debug;
		};
		F7A4955D14CB44D600384DC0 /* Release */ = {
			isa = XCBuildConfiguration;
			buildSettings = {
				ALWAYS_SEARCH_USER_PATHS = NO;
				ARCHS = "$(ARCHS_STANDARD_32_BIT)";
				CLANG_ENABLE_OBJC_ARC = YES;
				"CODE_SIGN_IDENTITY[sdk=iphoneos*]" = "iPhone Developer";
				COPY_PHASE_STRIP = YES;
				GCC_C_LANGUAGE_STANDARD = gnu99;
				GCC_VERSION = com.apple.compilers.llvm.clang.1_0;
				GCC_WARN_ABOUT_MISSING_PROTOTYPES = YES;
				GCC_WARN_ABOUT_RETURN_TYPE = YES;
				GCC_WARN_UNUSED_VARIABLE = YES;
				IPHONEOS_DEPLOYMENT_TARGET = 5.0;
				OTHER_CFLAGS = "-DNS_BLOCK_ASSERTIONS=1";
				SDKROOT = iphoneos;
				TARGETED_DEVICE_FAMILY = 2;
				VALIDATE_PRODUCT = YES;
			};
			name = Release;
		};
		F7A4955F14CB44D600384DC0 /* Debug */ = {
			isa = XCBuildConfiguration;
			buildSettings = {
				FRAMEWORK_SEARCH_PATHS = (
					"$(inherited)",
					"\"$(SRCROOT)\"",
				);
				GCC_PRECOMPILE_PREFIX_HEADER = YES;
				GCC_PREFIX_HEADER = "beer/beer-Prefix.pch";
				INFOPLIST_FILE = "beer/beer-Info.plist";
				PRODUCT_NAME = "$(TARGET_NAME)";
				WRAPPER_EXTENSION = app;
			};
			name = Debug;
		};
		F7A4956014CB44D600384DC0 /* Release */ = {
			isa = XCBuildConfiguration;
			buildSettings = {
				FRAMEWORK_SEARCH_PATHS = (
					"$(inherited)",
					"\"$(SRCROOT)\"",
				);
				GCC_PRECOMPILE_PREFIX_HEADER = YES;
				GCC_PREFIX_HEADER = "beer/beer-Prefix.pch";
				INFOPLIST_FILE = "beer/beer-Info.plist";
				PRODUCT_NAME = "$(TARGET_NAME)";
				WRAPPER_EXTENSION = app;
			};
			name = Release;
		};
/* End XCBuildConfiguration section */

/* Begin XCConfigurationList section */
		F7A4953A14CB44D600384DC0 /* Build configuration list for PBXProject "beer" */ = {
			isa = XCConfigurationList;
			buildConfigurations = (
				F7A4955C14CB44D600384DC0 /* Debug */,
				F7A4955D14CB44D600384DC0 /* Release */,
			);
			defaultConfigurationIsVisible = 0;
			defaultConfigurationName = Release;
		};
		F7A4955E14CB44D600384DC0 /* Build configuration list for PBXNativeTarget "beer" */ = {
			isa = XCConfigurationList;
			buildConfigurations = (
				F7A4955F14CB44D600384DC0 /* Debug */,
				F7A4956014CB44D600384DC0 /* Release */,
			);
			defaultConfigurationIsVisible = 0;
			defaultConfigurationName = Release;
		};
/* End XCConfigurationList section */
	};
	rootObject = F7A4953714CB44D600384DC0 /* Project object */;
}
